
Microsoft Visual Studio Solution File, Format Version 12.00
# Visual Studio Version 16
VisualStudioVersion = 16.0.31019.35
MinimumVisualStudioVersion = 10.0.40219.1
Project("{FAE04EC0-301F-11D3-BF4B-00C04F79EFBC}") = "ASP.NET_Core_API", "ASP.NET_Core_API\ASP.NET_Core_API.csproj", "{3429F570-0262-4953-B3BF-179FBE9C1488}"
EndProject
Project("{FAE04EC0-301F-11D3-BF4B-00C04F79EFBC}") = "BookStore.Domain", "BookStore.Domain\BookStore.Domain.csproj", "{4793940C-CD56-4398-BCA2-9858434A39FD}"
EndProject
Project("{FAE04EC0-301F-11D3-BF4B-00C04F79EFBC}") = "BookStore.Repository", "BookStore.Repository\BookStore.Repository.csproj", "{695A5B68-F866-45B4-8FBB-9C4A1EAE50D4}"
EndProject
Global
	GlobalSection(SolutionConfigurationPlatforms) = preSolution
		Debug|Any CPU = Debug|Any CPU
		Release|Any CPU = Release|Any CPU
	EndGlobalSection
	GlobalSection(ProjectConfigurationPlatforms) = postSolution
		{3429F570-0262-4953-B3BF-179FBE9C1488}.Debug|Any CPU.ActiveCfg = Debug|Any CPU
		{3429F570-0262-4953-B3BF-179FBE9C1488}.Debug|Any CPU.Build.0 = Debug|Any CPU
		{3429F570-0262-4953-B3BF-179FBE9C1488}.Release|Any CPU.ActiveCfg = Release|Any CPU
		{3429F570-0262-4953-B3BF-179FBE9C1488}.Release|Any CPU.Build.0 = Release|Any CPU
		{4793940C-CD56-4398-BCA2-9858434A39FD}.Debug|Any CPU.ActiveCfg = Debug|Any CPU
		{4793940C-CD56-4398-BCA2-9858434A39FD}.Debug|Any CPU.Build.0 = Debug|Any CPU
		{4793940C-CD56-4398-BCA2-9858434A39FD}.Release|Any CPU.ActiveCfg = Release|Any CPU
		{4793940C-CD56-4398-BCA2-9858434A39FD}.Release|Any CPU.Build.0 = Release|Any CPU
		{695A5B68-F866-45B4-8FBB-9C4A1EAE50D4}.Debug|Any CPU.ActiveCfg = Debug|Any CPU
		{695A5B68-F866-45B4-8FBB-9C4A1EAE50D4}.Debug|Any CPU.Build.0 = Debug|Any CPU
		{695A5B68-F866-45B4-8FBB-9C4A1EAE50D4}.Release|Any CPU.ActiveCfg = Release|Any CPU
		{695A5B68-F866-45B4-8FBB-9C4A1EAE50D4}.Release|Any CPU.Build.0 = Release|Any CPU
	EndGlobalSection
	GlobalSection(SolutionProperties) = preSolution
		HideSolutionNode = FALSE
	EndGlobalSection
	GlobalSection(ExtensibilityGlobals) = postSolution
		SolutionGuid = {E98678AC-2639-4680-ABC4-37AC5C7863DD}
	EndGlobalSection
EndGlobal
